// !$*UTF8*$!
{
	archiveVersion = 1;
	classes = {
	};
	objectVersion = 55;
	objects = {

/* Begin PBXBuildFile section */
		3A12964228C5E8BE00F637D4 /* AppDelegate.swift in Sources */ = {isa = PBXBuildFile; fileRef = 3A12964128C5E8BE00F637D4 /* AppDelegate.swift */; };
		3A12964428C5E8BE00F637D4 /* SceneDelegate.swift in Sources */ = {isa = PBXBuildFile; fileRef = 3A12964328C5E8BE00F637D4 /* SceneDelegate.swift */; };
		3A12964628C5E8BE00F637D4 /* ViewController.swift in Sources */ = {isa = PBXBuildFile; fileRef = 3A12964528C5E8BE00F637D4 /* ViewController.swift */; };
		3A12964928C5E8BE00F637D4 /* Main.storyboard in Resources */ = {isa = PBXBuildFile; fileRef = 3A12964728C5E8BE00F637D4 /* Main.storyboard */; };
		3A12964B28C5E8C200F637D4 /* Assets.xcassets in Resources */ = {isa = PBXBuildFile; fileRef = 3A12964A28C5E8C200F637D4 /* Assets.xcassets */; };
		3A12964E28C5E8C200F637D4 /* LaunchScreen.storyboard in Resources */ = {isa = PBXBuildFile; fileRef = 3A12964C28C5E8C200F637D4 /* LaunchScreen.storyboard */; };
		3A12965928C5E8C200F637D4 /* customCollectionTests.swift in Sources */ = {isa = PBXBuildFile; fileRef = 3A12965828C5E8C200F637D4 /* customCollectionTests.swift */; };
		3A12966328C5E8C200F637D4 /* customCollectionUITests.swift in Sources */ = {isa = PBXBuildFile; fileRef = 3A12966228C5E8C200F637D4 /* customCollectionUITests.swift */; };
		3A12966528C5E8C200F637D4 /* customCollectionUITestsLaunchTests.swift in Sources */ = {isa = PBXBuildFile; fileRef = 3A12966428C5E8C200F637D4 /* customCollectionUITestsLaunchTests.swift */; };
/* End PBXBuildFile section */

/* Begin PBXContainerItemProxy section */
		3A12965528C5E8C200F637D4 /* PBXContainerItemProxy */ = {
			isa = PBXContainerItemProxy;
			containerPortal = 3A12963628C5E8BE00F637D4 /* Project object */;
			proxyType = 1;
			remoteGlobalIDString = 3A12963D28C5E8BE00F637D4;
			remoteInfo = customCollection;
		};
		3A12965F28C5E8C200F637D4 /* PBXContainerItemProxy */ = {
			isa = PBXContainerItemProxy;
			containerPortal = 3A12963628C5E8BE00F637D4 /* Project object */;
			proxyType = 1;
			remoteGlobalIDString = 3A12963D28C5E8BE00F637D4;
			remoteInfo = customCollection;
		};
/* End PBXContainerItemProxy section */

/* Begin PBXFileReference section */
		3A12963E28C5E8BE00F637D4 /* customCollection.app */ = {isa = PBXFileReference; explicitFileType = wrapper.application; includeInIndex = 0; path = customCollection.app; sourceTree = BUILT_PRODUCTS_DIR; };
		3A12964128C5E8BE00F637D4 /* AppDelegate.swift */ = {isa = PBXFileReference; lastKnownFileType = sourcecode.swift; path = AppDelegate.swift; sourceTree = "<group>"; };
		3A12964328C5E8BE00F637D4 /* SceneDelegate.swift */ = {isa = PBXFileReference; lastKnownFileType = sourcecode.swift; path = SceneDelegate.swift; sourceTree = "<group>"; };
		3A12964528C5E8BE00F637D4 /* ViewController.swift */ = {isa = PBXFileReference; lastKnownFileType = sourcecode.swift; path = ViewController.swift; sourceTree = "<group>"; };
		3A12964828C5E8BE00F637D4 /* Base */ = {isa = PBXFileReference; lastKnownFileType = file.storyboard; name = Base; path = Base.lproj/Main.storyboard; sourceTree = "<group>"; };
		3A12964A28C5E8C200F637D4 /* Assets.xcassets */ = {isa = PBXFileReference; lastKnownFileType = folder.assetcatalog; path = Assets.xcassets; sourceTree = "<group>"; };
		3A12964D28C5E8C200F637D4 /* Base */ = {isa = PBXFileReference; lastKnownFileType = file.storyboard; name = Base; path = Base.lproj/LaunchScreen.storyboard; sourceTree = "<group>"; };
		3A12964F28C5E8C200F637D4 /* Info.plist */ = {isa = PBXFileReference; lastKnownFileType = text.plist.xml; path = Info.plist; sourceTree = "<group>"; };
		3A12965428C5E8C200F637D4 /* customCollectionTests.xctest */ = {isa = PBXFileReference; explicitFileType = wrapper.cfbundle; includeInIndex = 0; path = customCollectionTests.xctest; sourceTree = BUILT_PRODUCTS_DIR; };
		3A12965828C5E8C200F637D4 /* customCollectionTests.swift */ = {isa = PBXFileReference; lastKnownFileType = sourcecode.swift; path = customCollectionTests.swift; sourceTree = "<group>"; };
		3A12965E28C5E8C200F637D4 /* customCollectionUITests.xctest */ = {isa = PBXFileReference; explicitFileType = wrapper.cfbundle; includeInIndex = 0; path = customCollectionUITests.xctest; sourceTree = BUILT_PRODUCTS_DIR; };
		3A12966228C5E8C200F637D4 /* customCollectionUITests.swift */ = {isa = PBXFileReference; lastKnownFileType = sourcecode.swift; path = customCollectionUITests.swift; sourceTree = "<group>"; };
		3A12966428C5E8C200F637D4 /* customCollectionUITestsLaunchTests.swift */ = {isa = PBXFileReference; lastKnownFileType = sourcecode.swift; path = customCollectionUITestsLaunchTests.swift; sourceTree = "<group>"; };
/* End PBXFileReference section */

/* Begin PBXFrameworksBuildPhase section */
		3A12963B28C5E8BE00F637D4 /* Frameworks */ = {
			isa = PBXFrameworksBuildPhase;
			buildActionMask = 2147483647;
			files = (
			);
			runOnlyForDeploymentPostprocessing = 0;
		};
		3A12965128C5E8C200F637D4 /* Frameworks */ = {
			isa = PBXFrameworksBuildPhase;
			buildActionMask = 2147483647;
			files = (
			);
			runOnlyForDeploymentPostprocessing = 0;
		};
		3A12965B28C5E8C200F637D4 /* Frameworks */ = {
			isa = PBXFrameworksBuildPhase;
			buildActionMask = 2147483647;
			files = (
			);
			runOnlyForDeploymentPostprocessing = 0;
		};
/* End PBXFrameworksBuildPhase section */

/* Begin PBXGroup section */
		3A12963528C5E8BE00F637D4 = {
			isa = PBXGroup;
			children = (
				3A12964028C5E8BE00F637D4 /* customCollection */,
				3A12965728C5E8C200F637D4 /* customCollectionTests */,
				3A12966128C5E8C200F637D4 /* customCollectionUITests */,
				3A12963F28C5E8BE00F637D4 /* Products */,
			);
			sourceTree = "<group>";
		};
		3A12963F28C5E8BE00F637D4 /* Products */ = {
			isa = PBXGroup;
			children = (
				3A12963E28C5E8BE00F637D4 /* customCollection.app */,
				3A12965428C5E8C200F637D4 /* customCollectionTests.xctest */,
				3A12965E28C5E8C200F637D4 /* customCollectionUITests.xctest */,
			);
			name = Products;
			sourceTree = "<group>";
		};
		3A12964028C5E8BE00F637D4 /* customCollection */ = {
			isa = PBXGroup;
			children = (
				3A12964128C5E8BE00F637D4 /* AppDelegate.swift */,
				3A12964328C5E8BE00F637D4 /* SceneDelegate.swift */,
				3A12964528C5E8BE00F637D4 /* ViewController.swift */,
				3A12964728C5E8BE00F637D4 /* Main.storyboard */,
				3A12964A28C5E8C200F637D4 /* Assets.xcassets */,
				3A12964C28C5E8C200F637D4 /* LaunchScreen.storyboard */,
				3A12964F28C5E8C200F637D4 /* Info.plist */,
			);
			path = customCollection;
			sourceTree = "<group>";
		};
		3A12965728C5E8C200F637D4 /* customCollectionTests */ = {
			isa = PBXGroup;
			children = (
				3A12965828C5E8C200F637D4 /* customCollectionTests.swift */,
			);
			path = customCollectionTests;
			sourceTree = "<group>";
		};
		3A12966128C5E8C200F637D4 /* customCollectionUITests */ = {
			isa = PBXGroup;
			children = (
				3A12966228C5E8C200F637D4 /* customCollectionUITests.swift */,
				3A12966428C5E8C200F637D4 /* customCollectionUITestsLaunchTests.swift */,
			);
			path = customCollectionUITests;
			sourceTree = "<group>";
		};
/* End PBXGroup section */

/* Begin PBXNativeTarget section */
		3A12963D28C5E8BE00F637D4 /* customCollection */ = {
			isa = PBXNativeTarget;
			buildConfigurationList = 3A12966828C5E8C200F637D4 /* Build configuration list for PBXNativeTarget "customCollection" */;
			buildPhases = (
				3A12963A28C5E8BE00F637D4 /* Sources */,
				3A12963B28C5E8BE00F637D4 /* Frameworks */,
				3A12963C28C5E8BE00F637D4 /* Resources */,
			);
			buildRules = (
			);
			dependencies = (
			);
			name = customCollection;
			productName = customCollection;
			productReference = 3A12963E28C5E8BE00F637D4 /* customCollection.app */;
			productType = "com.apple.product-type.application";
		};
		3A12965328C5E8C200F637D4 /* customCollectionTests */ = {
			isa = PBXNativeTarget;
			buildConfigurationList = 3A12966B28C5E8C200F637D4 /* Build configuration list for PBXNativeTarget "customCollectionTests" */;
			buildPhases = (
				3A12965028C5E8C200F637D4 /* Sources */,
				3A12965128C5E8C200F637D4 /* Frameworks */,
				3A12965228C5E8C200F637D4 /* Resources */,
			);
			buildRules = (
			);
			dependencies = (
				3A12965628C5E8C200F637D4 /* PBXTargetDependency */,
			);
			name = customCollectionTests;
			productName = customCollectionTests;
			productReference = 3A12965428C5E8C200F637D4 /* customCollectionTests.xctest */;
			productType = "com.apple.product-type.bundle.unit-test";
		};
		3A12965D28C5E8C200F637D4 /* customCollectionUITests */ = {
			isa = PBXNativeTarget;
			buildConfigurationList = 3A12966E28C5E8C200F637D4 /* Build configuration list for PBXNativeTarget "customCollectionUITests" */;
			buildPhases = (
				3A12965A28C5E8C200F637D4 /* Sources */,
				3A12965B28C5E8C200F637D4 /* Frameworks */,
				3A12965C28C5E8C200F637D4 /* Resources */,
			);
			buildRules = (
			);
			dependencies = (
				3A12966028C5E8C200F637D4 /* PBXTargetDependency */,
			);
			name = customCollectionUITests;
			productName = customCollectionUITests;
			productReference = 3A12965E28C5E8C200F637D4 /* customCollectionUITests.xctest */;
			productType = "com.apple.product-type.bundle.ui-testing";
		};
/* End PBXNativeTarget section */

/* Begin PBXProject section */
		3A12963628C5E8BE00F637D4 /* Project object */ = {
			isa = PBXProject;
			attributes = {
				BuildIndependentTargetsInParallel = 1;
				LastSwiftUpdateCheck = 1320;
				LastUpgradeCheck = 1320;
				TargetAttributes = {
					3A12963D28C5E8BE00F637D4 = {
						CreatedOnToolsVersion = 13.2;
					};
					3A12965328C5E8C200F637D4 = {
						CreatedOnToolsVersion = 13.2;
						TestTargetID = 3A12963D28C5E8BE00F637D4;
					};
					3A12965D28C5E8C200F637D4 = {
						CreatedOnToolsVersion = 13.2;
						TestTargetID = 3A12963D28C5E8BE00F637D4;
					};
				};
			};
			buildConfigurationList = 3A12963928C5E8BE00F637D4 /* Build configuration list for PBXProject "customCollection" */;
			compatibilityVersion = "Xcode 13.0";
			developmentRegion = en;
			hasScannedForEncodings = 0;
			knownRegions = (
				en,
				Base,
			);
			mainGroup = 3A12963528C5E8BE00F637D4;
			productRefGroup = 3A12963F28C5E8BE00F637D4 /* Products */;
			projectDirPath = "";
			projectRoot = "";
			targets = (
				3A12963D28C5E8BE00F637D4 /* customCollection */,
				3A12965328C5E8C200F637D4 /* customCollectionTests */,
				3A12965D28C5E8C200F637D4 /* customCollectionUITests */,
			);
		};
/* End PBXProject section */

/* Begin PBXResourcesBuildPhase section */
		3A12963C28C5E8BE00F637D4 /* Resources */ = {
			isa = PBXResourcesBuildPhase;
			buildActionMask = 2147483647;
			files = (
				3A12964E28C5E8C200F637D4 /* LaunchScreen.storyboard in Resources */,
				3A12964B28C5E8C200F637D4 /* Assets.xcassets in Resources */,
				3A12964928C5E8BE00F637D4 /* Main.storyboard in Resources */,
			);
			runOnlyForDeploymentPostprocessing = 0;
		};
		3A12965228C5E8C200F637D4 /* Resources */ = {
			isa = PBXResourcesBuildPhase;
			buildActionMask = 2147483647;
			files = (
			);
			runOnlyForDeploymentPostprocessing = 0;
		};
		3A12965C28C5E8C200F637D4 /* Resources */ = {
			isa = PBXResourcesBuildPhase;
			buildActionMask = 2147483647;
			files = (
			);
			runOnlyForDeploymentPostprocessing = 0;
		};
/* End PBXResourcesBuildPhase section */

/* Begin PBXSourcesBuildPhase section */
		3A12963A28C5E8BE00F637D4 /* Sources */ = {
			isa = PBXSourcesBuildPhase;
			buildActionMask = 2147483647;
			files = (
				3A12964628C5E8BE00F637D4 /* ViewController.swift in Sources */,
				3A12964228C5E8BE00F637D4 /* AppDelegate.swift in Sources */,
				3A12964428C5E8BE00F637D4 /* SceneDelegate.swift in Sources */,
			);
			runOnlyForDeploymentPostprocessing = 0;
		};
		3A12965028C5E8C200F637D4 /* Sources */ = {
			isa = PBXSourcesBuildPhase;
			buildActionMask = 2147483647;
			files = (
				3A12965928C5E8C200F637D4 /* customCollectionTests.swift in Sources */,
			);
			runOnlyForDeploymentPostprocessing = 0;
		};
		3A12965A28C5E8C200F637D4 /* Sources */ = {
			isa = PBXSourcesBuildPhase;
			buildActionMask = 2147483647;
			files = (
				3A12966328C5E8C200F637D4 /* customCollectionUITests.swift in Sources */,
				3A12966528C5E8C200F637D4 /* customCollectionUITestsLaunchTests.swift in Sources */,
			);
			runOnlyForDeploymentPostprocessing = 0;
		};
/* End PBXSourcesBuildPhase section */

/* Begin PBXTargetDependency section */
		3A12965628C5E8C200F637D4 /* PBXTargetDependency */ = {
			isa = PBXTargetDependency;
			target = 3A12963D28C5E8BE00F637D4 /* customCollection */;
			targetProxy = 3A12965528C5E8C200F637D4 /* PBXContainerItemProxy */;
		};
		3A12966028C5E8C200F637D4 /* PBXTargetDependency */ = {
			isa = PBXTargetDependency;
			target = 3A12963D28C5E8BE00F637D4 /* customCollection */;
			targetProxy = 3A12965F28C5E8C200F637D4 /* PBXContainerItemProxy */;
		};
/* End PBXTargetDependency section */

/* Begin PBXVariantGroup section */
		3A12964728C5E8BE00F637D4 /* Main.storyboard */ = {
			isa = PBXVariantGroup;
			children = (
				3A12964828C5E8BE00F637D4 /* Base */,
			);
			name = Main.storyboard;
			sourceTree = "<group>";
		};
		3A12964C28C5E8C200F637D4 /* LaunchScreen.storyboard */ = {
			isa = PBXVariantGroup;
			children = (
				3A12964D28C5E8C200F637D4 /* Base */,
			);
			name = LaunchScreen.storyboard;
			sourceTree = "<group>";
		};
/* End PBXVariantGroup section */

/* Begin XCBuildConfiguration section */
		3A12966628C5E8C200F637D4 /* Debug */ = {
			isa = XCBuildConfiguration;
			buildSettings = {
				ALWAYS_SEARCH_USER_PATHS = NO;
				CLANG_ANALYZER_NONNULL = YES;
				CLANG_ANALYZER_NUMBER_OBJECT_CONVERSION = YES_AGGRESSIVE;
				CLANG_CXX_LANGUAGE_STANDARD = "gnu++17";
				CLANG_CXX_LIBRARY = "libc++";
				CLANG_ENABLE_MODULES = YES;
				CLANG_ENABLE_OBJC_ARC = YES;
				CLANG_ENABLE_OBJC_WEAK = YES;
				CLANG_WARN_BLOCK_CAPTURE_AUTORELEASING = YES;
				CLANG_WARN_BOOL_CONVERSION = YES;
				CLANG_WARN_COMMA = YES;
				CLANG_WARN_CONSTANT_CONVERSION = YES;
				CLANG_WARN_DEPRECATED_OBJC_IMPLEMENTATIONS = YES;
				CLANG_WARN_DIRECT_OBJC_ISA_USAGE = YES_ERROR;
				CLANG_WARN_DOCUMENTATION_COMMENTS = YES;
				CLANG_WARN_EMPTY_BODY = YES;
				CLANG_WARN_ENUM_CONVERSION = YES;
				CLANG_WARN_INFINITE_RECURSION = YES;
				CLANG_WARN_INT_CONVERSION = YES;
				CLANG_WARN_NON_LITERAL_NULL_CONVERSION = YES;
				CLANG_WARN_OBJC_IMPLICIT_RETAIN_SELF = YES;
				CLANG_WARN_OBJC_LITERAL_CONVERSION = YES;
				CLANG_WARN_OBJC_ROOT_CLASS = YES_ERROR;
				CLANG_WARN_QUOTED_INCLUDE_IN_FRAMEWORK_HEADER = YES;
				CLANG_WARN_RANGE_LOOP_ANALYSIS = YES;
				CLANG_WARN_STRICT_PROTOTYPES = YES;
				CLANG_WARN_SUSPICIOUS_MOVE = YES;
				CLANG_WARN_UNGUARDED_AVAILABILITY = YES_AGGRESSIVE;
				CLANG_WARN_UNREACHABLE_CODE = YES;
				CLANG_WARN__DUPLICATE_METHOD_MATCH = YES;
				COPY_PHASE_STRIP = NO;
				DEBUG_INFORMATION_FORMAT = dwarf;
				ENABLE_STRICT_OBJC_MSGSEND = YES;
				ENABLE_TESTABILITY = YES;
				GCC_C_LANGUAGE_STANDARD = gnu11;
				GCC_DYNAMIC_NO_PIC = NO;
				GCC_NO_COMMON_BLOCKS = YES;
				GCC_OPTIMIZATION_LEVEL = 0;
				GCC_PREPROCESSOR_DEFINITIONS = (
					"DEBUG=1",
					"$(inherited)",
				);
				GCC_WARN_64_TO_32_BIT_CONVERSION = YES;
				GCC_WARN_ABOUT_RETURN_TYPE = YES_ERROR;
				GCC_WARN_UNDECLARED_SELECTOR = YES;
				GCC_WARN_UNINITIALIZED_AUTOS = YES_AGGRESSIVE;
				GCC_WARN_UNUSED_FUNCTION = YES;
				GCC_WARN_UNUSED_VARIABLE = YES;
				IPHONEOS_DEPLOYMENT_TARGET = 15.2;
				MTL_ENABLE_DEBUG_INFO = INCLUDE_SOURCE;
				MTL_FAST_MATH = YES;
				ONLY_ACTIVE_ARCH = YES;
				SDKROOT = iphoneos;
				SWIFT_ACTIVE_COMPILATION_CONDITIONS = DEBUG;
				SWIFT_OPTIMIZATION_LEVEL = "-Onone";
			};
			name = Debug;
		};
		3A12966728C5E8C200F637D4 /* Release */ = {
			isa = XCBuildConfiguration;
			buildSettings = {
				ALWAYS_SEARCH_USER_PATHS = NO;
				CLANG_ANALYZER_NONNULL = YES;
				CLANG_ANALYZER_NUMBER_OBJECT_CONVERSION = YES_AGGRESSIVE;
				CLANG_CXX_LANGUAGE_STANDARD = "gnu++17";
				CLANG_CXX_LIBRARY = "libc++";
				CLANG_ENABLE_MODULES = YES;
				CLANG_ENABLE_OBJC_ARC = YES;
				CLANG_ENABLE_OBJC_WEAK = YES;
				CLANG_WARN_BLOCK_CAPTURE_AUTORELEASING = YES;
				CLANG_WARN_BOOL_CONVERSION = YES;
				CLANG_WARN_COMMA = YES;
				CLANG_WARN_CONSTANT_CONVERSION = YES;
				CLANG_WARN_DEPRECATED_OBJC_IMPLEMENTATIONS = YES;
				CLANG_WARN_DIRECT_OBJC_ISA_USAGE = YES_ERROR;
				CLANG_WARN_DOCUMENTATION_COMMENTS = YES;
				CLANG_WARN_EMPTY_BODY = YES;
				CLANG_WARN_ENUM_CONVERSION = YES;
				CLANG_WARN_INFINITE_RECURSION = YES;
				CLANG_WARN_INT_CONVERSION = YES;
				CLANG_WARN_NON_LITERAL_NULL_CONVERSION = YES;
				CLANG_WARN_OBJC_IMPLICIT_RETAIN_SELF = YES;
				CLANG_WARN_OBJC_LITERAL_CONVERSION = YES;
				CLANG_WARN_OBJC_ROOT_CLASS = YES_ERROR;
				CLANG_WARN_QUOTED_INCLUDE_IN_FRAMEWORK_HEADER = YES;
				CLANG_WARN_RANGE_LOOP_ANALYSIS = YES;
				CLANG_WARN_STRICT_PROTOTYPES = YES;
				CLANG_WARN_SUSPICIOUS_MOVE = YES;
				CLANG_WARN_UNGUARDED_AVAILABILITY = YES_AGGRESSIVE;
				CLANG_WARN_UNREACHABLE_CODE = YES;
				CLANG_WARN__DUPLICATE_METHOD_MATCH = YES;
				COPY_PHASE_STRIP = NO;
				DEBUG_INFORMATION_FORMAT = "dwarf-with-dsym";
				ENABLE_NS_ASSERTIONS = NO;
				ENABLE_STRICT_OBJC_MSGSEND = YES;
				GCC_C_LANGUAGE_STANDARD = gnu11;
				GCC_NO_COMMON_BLOCKS = YES;
				GCC_WARN_64_TO_32_BIT_CONVERSION = YES;
				GCC_WARN_ABOUT_RETURN_TYPE = YES_ERROR;
				GCC_WARN_UNDECLARED_SELECTOR = YES;
				GCC_WARN_UNINITIALIZED_AUTOS = YES_AGGRESSIVE;
				GCC_WARN_UNUSED_FUNCTION = YES;
				GCC_WARN_UNUSED_VARIABLE = YES;
				IPHONEOS_DEPLOYMENT_TARGET = 15.2;
				MTL_ENABLE_DEBUG_INFO = NO;
				MTL_FAST_MATH = YES;
				SDKROOT = iphoneos;
				SWIFT_COMPILATION_MODE = wholemodule;
				SWIFT_OPTIMIZATION_LEVEL = "-O";
				VALIDATE_PRODUCT = YES;
			};
			name = Release;
		};
		3A12966928C5E8C200F637D4 /* Debug */ = {
			isa = XCBuildConfiguration;
			buildSettings = {
				ASSETCATALOG_COMPILER_APPICON_NAME = AppIcon;
				ASSETCATALOG_COMPILER_GLOBAL_ACCENT_COLOR_NAME = AccentColor;
				CODE_SIGN_STYLE = Automatic;
				CURRENT_PROJECT_VERSION = 1;
				DEVELOPMENT_TEAM = 3UQGJ7Q659;
				GENERATE_INFOPLIST_FILE = YES;
				INFOPLIST_FILE = customCollection/Info.plist;
				INFOPLIST_KEY_UIApplicationSupportsIndirectInputEvents = YES;
				INFOPLIST_KEY_UILaunchStoryboardName = LaunchScreen;
				INFOPLIST_KEY_UISupportedInterfaceOrientations_iPad = "UIInterfaceOrientationPortrait UIInterfaceOrientationPortraitUpsideDown UIInterfaceOrientationLandscapeLeft UIInterfaceOrientationLandscapeRight";
				INFOPLIST_KEY_UISupportedInterfaceOrientations_iPhone = "UIInterfaceOrientationPortrait UIInterfaceOrientationLandscapeLeft UIInterfaceOrientationLandscapeRight";
				LD_RUNPATH_SEARCH_PATHS = (
					"$(inherited)",
					"@executable_path/Frameworks",
				);
				MARKETING_VERSION = 1.0;
				PRODUCT_BUNDLE_IDENTIFIER = com.coba.customCollection;
				PRODUCT_NAME = "$(TARGET_NAME)";
				SWIFT_EMIT_LOC_STRINGS = YES;
				SWIFT_VERSION = 5.0;
				TARGETED_DEVICE_FAMILY = "1,2";
			};
			name = Debug;
		};
		3A12966A28C5E8C200F637D4 /* Release */ = {
			isa = XCBuildConfiguration;
			buildSettings = {
				ASSETCATALOG_COMPILER_APPICON_NAME = AppIcon;
				ASSETCATALOG_COMPILER_GLOBAL_ACCENT_COLOR_NAME = AccentColor;
				CODE_SIGN_STYLE = Automatic;
				CURRENT_PROJECT_VERSION = 1;
				DEVELOPMENT_TEAM = 3UQGJ7Q659;
				GENERATE_INFOPLIST_FILE = YES;
				INFOPLIST_FILE = customCollection/Info.plist;
				INFOPLIST_KEY_UIApplicationSupportsIndirectInputEvents = YES;
				INFOPLIST_KEY_UILaunchStoryboardName = LaunchScreen;
				INFOPLIST_KEY_UISupportedInterfaceOrientations_iPad = "UIInterfaceOrientationPortrait UIInterfaceOrientationPortraitUpsideDown UIInterfaceOrientationLandscapeLeft UIInterfaceOrientationLandscapeRight";
				INFOPLIST_KEY_UISupportedInterfaceOrientations_iPhone = "UIInterfaceOrientationPortrait UIInterfaceOrientationLandscapeLeft UIInterfaceOrientationLandscapeRight";
				LD_RUNPATH_SEARCH_PATHS = (
					"$(inherited)",
					"@executable_path/Frameworks",
				);
				MARKETING_VERSION = 1.0;
				PRODUCT_BUNDLE_IDENTIFIER = com.coba.customCollection;
				PRODUCT_NAME = "$(TARGET_NAME)";
				SWIFT_EMIT_LOC_STRINGS = YES;
				SWIFT_VERSION = 5.0;
				TARGETED_DEVICE_FAMILY = "1,2";
			};
			name = Release;
		};
		3A12966C28C5E8C200F637D4 /* Debug */ = {
			isa = XCBuildConfiguration;
			buildSettings = {
				ALWAYS_EMBED_SWIFT_STANDARD_LIBRARIES = YES;
				BUNDLE_LOADER = "$(TEST_HOST)";
				CODE_SIGN_STYLE = Automatic;
				CURRENT_PROJECT_VERSION = 1;
				DEVELOPMENT_TEAM = 3UQGJ7Q659;
				GENERATE_INFOPLIST_FILE = YES;
				IPHONEOS_DEPLOYMENT_TARGET = 15.2;
				MARKETING_VERSION = 1.0;
				PRODUCT_BUNDLE_IDENTIFIER = com.coba.customCollectionTests;
				PRODUCT_NAME = "$(TARGET_NAME)";
				SWIFT_EMIT_LOC_STRINGS = NO;
				SWIFT_VERSION = 5.0;
				TARGETED_DEVICE_FAMILY = "1,2";
				TEST_HOST = "$(BUILT_PRODUCTS_DIR)/customCollection.app/customCollection";
			};
			name = Debug;
		};
		3A12966D28C5E8C200F637D4 /* Release */ = {
			isa = XCBuildConfiguration;
			buildSettings = {
				ALWAYS_EMBED_SWIFT_STANDARD_LIBRARIES = YES;
				BUNDLE_LOADER = "$(TEST_HOST)";
				CODE_SIGN_STYLE = Automatic;
				CURRENT_PROJECT_VERSION = 1;
				DEVELOPMENT_TEAM = 3UQGJ7Q659;
				GENERATE_INFOPLIST_FILE = YES;
				IPHONEOS_DEPLOYMENT_TARGET = 15.2;
				MARKETING_VERSION = 1.0;
				PRODUCT_BUNDLE_IDENTIFIER = com.coba.customCollectionTests;
				PRODUCT_NAME = "$(TARGET_NAME)";
				SWIFT_EMIT_LOC_STRINGS = NO;
				SWIFT_VERSION = 5.0;
				TARGETED_DEVICE_FAMILY = "1,2";
				TEST_HOST = "$(BUILT_PRODUCTS_DIR)/customCollection.app/customCollection";
			};
			name = Release;
		};
		3A12966F28C5E8C200F637D4 /* Debug */ = {
			isa = XCBuildConfiguration;
			buildSettings = {
				ALWAYS_EMBED_SWIFT_STANDARD_LIBRARIES = YES;
				CODE_SIGN_STYLE = Automatic;
				CURRENT_PROJECT_VERSION = 1;
				DEVELOPMENT_TEAM = 3UQGJ7Q659;
				GENERATE_INFOPLIST_FILE = YES;
				MARKETING_VERSION = 1.0;
				PRODUCT_BUNDLE_IDENTIFIER = com.coba.customCollectionUITests;
				PRODUCT_NAME = "$(TARGET_NAME)";
				SWIFT_EMIT_LOC_STRINGS = NO;
				SWIFT_VERSION = 5.0;
				TARGETED_DEVICE_FAMILY = "1,2";
				TEST_TARGET_NAME = customCollection;
			};
			name = Debug;
		};
		3A12967028C5E8C200F637D4 /* Release */ = {
			isa = XCBuildConfiguration;
			buildSettings = {
				ALWAYS_EMBED_SWIFT_STANDARD_LIBRARIES = YES;
				CODE_SIGN_STYLE = Automatic;
				CURRENT_PROJECT_VERSION = 1;
				DEVELOPMENT_TEAM = 3UQGJ7Q659;
				GENERATE_INFOPLIST_FILE = YES;
				MARKETING_VERSION = 1.0;
				PRODUCT_BUNDLE_IDENTIFIER = com.coba.customCollectionUITests;
				PRODUCT_NAME = "$(TARGET_NAME)";
				SWIFT_EMIT_LOC_STRINGS = NO;
				SWIFT_VERSION = 5.0;
				TARGETED_DEVICE_FAMILY = "1,2";
				TEST_TARGET_NAME = customCollection;
			};
			name = Release;
		};
/* End XCBuildConfiguration section */

/* Begin XCConfigurationList section */
		3A12963928C5E8BE00F637D4 /* Build configuration list for PBXProject "customCollection" */ = {
			isa = XCConfigurationList;
			buildConfigurations = (
				3A12966628C5E8C200F637D4 /* Debug */,
				3A12966728C5E8C200F637D4 /* Release */,
			);
			defaultConfigurationIsVisible = 0;
			defaultConfigurationName = Release;
		};
		3A12966828C5E8C200F637D4 /* Build configuration list for PBXNativeTarget "customCollection" */ = {
			isa = XCConfigurationList;
			buildConfigurations = (
				3A12966928C5E8C200F637D4 /* Debug */,
				3A12966A28C5E8C200F637D4 /* Release */,
			);
			defaultConfigurationIsVisible = 0;
			defaultConfigurationName = Release;
		};
		3A12966B28C5E8C200F637D4 /* Build configuration list for PBXNativeTarget "customCollectionTests" */ = {
			isa = XCConfigurationList;
			buildConfigurations = (
				3A12966C28C5E8C200F637D4 /* Debug */,
				3A12966D28C5E8C200F637D4 /* Release */,
			);
			defaultConfigurationIsVisible = 0;
			defaultConfigurationName = Release;
		};
		3A12966E28C5E8C200F637D4 /* Build configuration list for PBXNativeTarget "customCollectionUITests" */ = {
			isa = XCConfigurationList;
			buildConfigurations = (
				3A12966F28C5E8C200F637D4 /* Debug */,
				3A12967028C5E8C200F637D4 /* Release */,
			);
			defaultConfigurationIsVisible = 0;
			defaultConfigurationName = Release;
		};
/* End XCConfigurationList section */
	};
	rootObject = 3A12963628C5E8BE00F637D4 /* Project object */;
}
